
Microsoft Visual Studio Solution File, Format Version 12.00
# Visual Studio Version 18
VisualStudioVersion = 18.6.11828.311 oobstable
MinimumVisualStudioVersion = 10.0.40219.1
Project("{2150E333-8FDC-42A3-9474-1A3956D46DE8}") = "projects", "projects", "{E0000000-0000-0000-0000-000000000000}"
EndProject
Project("{8BC9CEB8-8B4A-11D0-8D11-00A0C91BC942}") = "triangle-animation", "projects\triangle-animation\triangle-animation.vcxproj", "{B0000000-0000-0000-0000-000000000007}"
EndProject
Project("{8BC9CEB8-8B4A-11D0-8D11-00A0C91BC942}") = "new-experiment", "projects\new-experiment\new-experiment.vcxproj", "{B1000000-0000-0000-0000-000000000008}"
EndProject
Project("{8BC9CEB8-8B4A-11D0-8D11-00A0C91BC942}") = "texture_test", "projects\texture_test\texture_test.vcxproj", "{A6000000-0000-0000-0000-000000000099}"
EndProject
Project("{8BC9CEB8-8B4A-11D0-8D11-00A0C91BC942}") = "09_lighting", "projects\09_lighting\09_lighting.vcxproj", "{8B3618C9-6908-4BAE-9AC9-457F0313F94A}"
EndProject
Project("{8BC9CEB8-8B4A-11D0-8D11-00A0C91BC942}") = "08_Camera", "projects\08_Camera\08_Camera.vcxproj", "{710A4C90-14A4-48C3-9552-1A3D318565AC}"
EndProject
Global
	GlobalSection(SolutionConfigurationPlatforms) = preSolution
		Debug|x64 = Debug|x64
		Release|x64 = Release|x64
	EndGlobalSection
	GlobalSection(ProjectConfigurationPlatforms) = postSolution
		{B0000000-0000-0000-0000-000000000007}.Debug|x64.ActiveCfg = Debug|x64
		{B0000000-0000-0000-0000-000000000007}.Debug|x64.Build.0 = Debug|x64
		{B0000000-0000-0000-0000-000000000007}.Release|x64.ActiveCfg = Release|x64
		{B0000000-0000-0000-0000-000000000007}.Release|x64.Build.0 = Release|x64
		{B1000000-0000-0000-0000-000000000008}.Debug|x64.ActiveCfg = Debug|x64
		{B1000000-0000-0000-0000-000000000008}.Debug|x64.Build.0 = Debug|x64
		{B1000000-0000-0000-0000-000000000008}.Release|x64.ActiveCfg = Release|x64
		{B1000000-0000-0000-0000-000000000008}.Release|x64.Build.0 = Release|x64
		{A6000000-0000-0000-0000-000000000099}.Debug|x64.ActiveCfg = Debug|x64
		{A6000000-0000-0000-0000-000000000099}.Debug|x64.Build.0 = Debug|x64
		{A6000000-0000-0000-0000-000000000099}.Release|x64.ActiveCfg = Release|x64
		{A6000000-0000-0000-0000-000000000099}.Release|x64.Build.0 = Release|x64
		{8B3618C9-6908-4BAE-9AC9-457F0313F94A}.Debug|x64.ActiveCfg = Debug|x64
		{8B3618C9-6908-4BAE-9AC9-457F0313F94A}.Debug|x64.Build.0 = Debug|x64
		{8B3618C9-6908-4BAE-9AC9-457F0313F94A}.Release|x64.ActiveCfg = Release|x64
		{8B3618C9-6908-4BAE-9AC9-457F0313F94A}.Release|x64.Build.0 = Release|x64
		{710A4C90-14A4-48C3-9552-1A3D318565AC}.Debug|x64.ActiveCfg = Debug|x64
		{710A4C90-14A4-48C3-9552-1A3D318565AC}.Debug|x64.Build.0 = Debug|x64
		{710A4C90-14A4-48C3-9552-1A3D318565AC}.Release|x64.ActiveCfg = Release|x64
		{710A4C90-14A4-48C3-9552-1A3D318565AC}.Release|x64.Build.0 = Release|x64
	EndGlobalSection
	GlobalSection(SolutionProperties) = preSolution
		HideSolutionNode = FALSE
	EndGlobalSection
	GlobalSection(ExtensibilityGlobals) = postSolution
		SolutionGuid = {316836F2-DDB3-435E-9397-90EE24475744}
	EndGlobalSection
EndGlobal
