<?xml version="1.0" encoding="utf-8"?>
<Project ToolsVersion="4.0" xmlns="http://schemas.microsoft.com/developer/msbuild/2003">
  <ItemGroup>
    <ClCompile Include="Camera.cpp">
      <Filter>Source_Files</Filter>
    </ClCompile>
    <ClCompile Include="EBO.cpp">
      <Filter>Source_Files</Filter>
    </ClCompile>
    <ClCompile Include="glad.c">
      <Filter>Source_Files</Filter>
    </ClCompile>
    <ClCompile Include="Main.cpp">
      <Filter>Source_Files</Filter>
    </ClCompile>
    <ClCompile Include="shaderClass.cpp">
      <Filter>Source_Files</Filter>
    </ClCompile>
    <ClCompile Include="stb.cpp">
      <Filter>Source_Files</Filter>
    </ClCompile>
    <ClCompile Include="Texture.cpp">
      <Filter>Source_Files</Filter>
    </ClCompile>
    <ClCompile Include="VAO.cpp">
      <Filter>Source_Files</Filter>
    </ClCompile>
    <ClCompile Include="VBO.cpp">
      <Filter>Source_Files</Filter>
    </ClCompile>
    <ClCompile Include="Mesh.cpp">
      <Filter>Source_Files</Filter>
    </ClCompile>
  </ItemGroup>
  <ItemGroup>
    <ClInclude Include="Camera.h">
      <Filter>Header_Files</Filter>
    </ClInclude>
    <ClInclude Include="EBO.h">
      <Filter>Header_Files</Filter>
    </ClInclude>
    <ClInclude Include="shaderClass.h">
      <Filter>Header_Files</Filter>
    </ClInclude>
    <ClInclude Include="Texture.h">
      <Filter>Header_Files</Filter>
    </ClInclude>
    <ClInclude Include="VAO.h">
      <Filter>Header_Files</Filter>
    </ClInclude>
    <ClInclude Include="Mesh.h">
      <Filter>Header_Files</Filter>
    </ClInclude>
    <ClInclude Include="VBO.h">
      <Filter>Header_Files</Filter>
    </ClInclude>
  </ItemGroup>
  <ItemGroup>
    <None Include="default.frag">
      <Filter>Resources\Shaders</Filter>
    </None>
    <None Include="default.vert">
      <Filter>Resources\Shaders</Filter>
    </None>
    <None Include="light.vert">
      <Filter>Resources\Shaders</Filter>
    </None>
    <None Include="light.frag">
      <Filter>Resources\Shaders</Filter>
    </None>
  </ItemGroup>
  <ItemGroup>
    <Filter Include="Resources">
      <UniqueIdentifier>{f1e08074-40d9-41de-b445-117d7c9d1f1b}</UniqueIdentifier>
    </Filter>
    <Filter Include="Resources\Shaders">
      <UniqueIdentifier>{12d8d832-2737-49f8-bb37-c6d95293478f}</UniqueIdentifier>
    </Filter>
    <Filter Include="Resources\Textures">
      <UniqueIdentifier>{12429a19-b902-4d62-a16d-e0b2e873904f}</UniqueIdentifier>
    </Filter>
    <Filter Include="Header_Files">
      <UniqueIdentifier>{da07b3f3-0e92-4f09-97a9-3fb336cac850}</UniqueIdentifier>
    </Filter>
    <Filter Include="Source_Files">
      <UniqueIdentifier>{98d42cda-558a-471c-a6de-14dec881a579}</UniqueIdentifier>
    </Filter>
  </ItemGroup>
  <ItemGroup>
    <Image Include="..\..\Assets\Textures\mario_jump.png" />
  </ItemGroup>
</Project>